
Microsoft Visual Studio Solution File, Format Version 12.00
Project("{FAE04EC0-301F-11D3-BF4B-00C04F79EFBC}") = "ChatBotAPI", "ChatBotAPI.csproj", "{10E70CA4-5C99-4275-BCA4-E396AD35344A}"
EndProject
Global
	GlobalSection(SolutionConfigurationPlatforms) = preSolution
		Debug|Any CPU = Debug|Any CPU
		Release|Any CPU = Release|Any CPU
	EndGlobalSection
	GlobalSection(ProjectConfigurationPlatforms) = postSolution
		{10E70CA4-5C99-4275-BCA4-E396AD35344A}.Debug|Any CPU.ActiveCfg = Debug|Any CPU
		{10E70CA4-5C99-4275-BCA4-E396AD35344A}.Debug|Any CPU.Build.0 = Debug|Any CPU
		{10E70CA4-5C99-4275-BCA4-E396AD35344A}.Release|Any CPU.ActiveCfg = Release|Any CPU
		{10E70CA4-5C99-4275-BCA4-E396AD35344A}.Release|Any CPU.Build.0 = Release|Any CPU
	EndGlobalSection
EndGlobal
